// !$*UTF8*$!
{
	archiveVersion = 1;
	classes = {
	};
	objectVersion = 50;
	objects = {

/* Begin PBXBuildFile section */
		FB0CB1892700D1E2001E598C /* main.cpp in Sources */ = {isa = PBXBuildFile; fileRef = FB0CB1882700D1E2001E598C /* main.cpp */; };
		FB0CB18F2700D6A1001E598C /* ImageBase.cpp in Sources */ = {isa = PBXBuildFile; fileRef = FBDBBDC226F60EB000A9D44D /* ImageBase.cpp */; };
		FB60C70526EF90A500EDF8EF /* main.cpp in Sources */ = {isa = PBXBuildFile; fileRef = FB60C70326EF90A500EDF8EF /* main.cpp */; };
		FBAB88F4270AECD500544C3C /* main.cpp in Sources */ = {isa = PBXBuildFile; fileRef = FBAB88F3270AECD500544C3C /* main.cpp */; };
		FBAB88F8270AECE400544C3C /* ImageBase.cpp in Sources */ = {isa = PBXBuildFile; fileRef = FBDBBDC226F60EB000A9D44D /* ImageBase.cpp */; };
		FBDBBDCD26F61A3100A9D44D /* main.cpp in Sources */ = {isa = PBXBuildFile; fileRef = FBDBBDCC26F61A3100A9D44D /* main.cpp */; };
		FBECD58726F79C9400BFE09C /* ImageBase.cpp in Sources */ = {isa = PBXBuildFile; fileRef = FBDBBDC226F60EB000A9D44D /* ImageBase.cpp */; };
		FBECD58826F7D60700BFE09C /* ImageBase.cpp in Sources */ = {isa = PBXBuildFile; fileRef = FBDBBDC226F60EB000A9D44D /* ImageBase.cpp */; };
/* End PBXBuildFile section */

/* Begin PBXCopyFilesBuildPhase section */
		FB0CB1842700D1E2001E598C /* CopyFiles */ = {
			isa = PBXCopyFilesBuildPhase;
			buildActionMask = 2147483647;
			dstPath = /usr/share/man/man1/;
			dstSubfolderSpec = 0;
			files = (
			);
			runOnlyForDeploymentPostprocessing = 1;
		};
		FB60C6F226EF8FEA00EDF8EF /* CopyFiles */ = {
			isa = PBXCopyFilesBuildPhase;
			buildActionMask = 2147483647;
			dstPath = /usr/share/man/man1/;
			dstSubfolderSpec = 0;
			files = (
			);
			runOnlyForDeploymentPostprocessing = 1;
		};
		FBAB88EF270AECD500544C3C /* CopyFiles */ = {
			isa = PBXCopyFilesBuildPhase;
			buildActionMask = 2147483647;
			dstPath = /usr/share/man/man1/;
			dstSubfolderSpec = 0;
			files = (
			);
			runOnlyForDeploymentPostprocessing = 1;
		};
		FBDBBDC826F61A3100A9D44D /* CopyFiles */ = {
			isa = PBXCopyFilesBuildPhase;
			buildActionMask = 2147483647;
			dstPath = /usr/share/man/man1/;
			dstSubfolderSpec = 0;
			files = (
			);
			runOnlyForDeploymentPostprocessing = 1;
		};
/* End PBXCopyFilesBuildPhase section */

/* Begin PBXFileReference section */
		FB0CB1862700D1E2001E598C /* tp3-huffman */ = {isa = PBXFileReference; explicitFileType = "compiled.mach-o.executable"; includeInIndex = 0; path = "tp3-huffman"; sourceTree = BUILT_PRODUCTS_DIR; };
		FB0CB1882700D1E2001E598C /* main.cpp */ = {isa = PBXFileReference; lastKnownFileType = sourcecode.cpp.cpp; path = main.cpp; sourceTree = "<group>"; };
		FB0CB18D2700D4A1001E598C /* Huffman.c */ = {isa = PBXFileReference; lastKnownFileType = sourcecode.c.c; path = Huffman.c; sourceTree = "<group>"; };
		FB60C6F426EF8FEA00EDF8EF /* tp1-palette */ = {isa = PBXFileReference; explicitFileType = "compiled.mach-o.executable"; includeInIndex = 0; path = "tp1-palette"; sourceTree = BUILT_PRODUCTS_DIR; };
		FB60C6FF26EF907B00EDF8EF /* main.cpp */ = {isa = PBXFileReference; lastKnownFileType = sourcecode.cpp.cpp; name = main.cpp; path = "tp1-palette/main.cpp"; sourceTree = "<group>"; };
		FB60C70326EF90A500EDF8EF /* main.cpp */ = {isa = PBXFileReference; fileEncoding = 4; lastKnownFileType = sourcecode.cpp.cpp; path = main.cpp; sourceTree = "<group>"; };
		FBAB88F1270AECD500544C3C /* tp4-ondelette */ = {isa = PBXFileReference; explicitFileType = "compiled.mach-o.executable"; includeInIndex = 0; path = "tp4-ondelette"; sourceTree = BUILT_PRODUCTS_DIR; };
		FBAB88F3270AECD500544C3C /* main.cpp */ = {isa = PBXFileReference; lastKnownFileType = sourcecode.cpp.cpp; path = main.cpp; sourceTree = "<group>"; };
		FBDBBDC226F60EB000A9D44D /* ImageBase.cpp */ = {isa = PBXFileReference; fileEncoding = 4; lastKnownFileType = sourcecode.cpp.cpp; path = ImageBase.cpp; sourceTree = "<group>"; };
		FBDBBDC326F60EB000A9D44D /* image_ppm.hpp */ = {isa = PBXFileReference; fileEncoding = 4; lastKnownFileType = sourcecode.cpp.h; path = image_ppm.hpp; sourceTree = "<group>"; };
		FBDBBDC426F60EB000A9D44D /* ImageBase.hpp */ = {isa = PBXFileReference; fileEncoding = 4; lastKnownFileType = sourcecode.cpp.h; path = ImageBase.hpp; sourceTree = "<group>"; };
		FBDBBDCA26F61A3100A9D44D /* tp2-espace-couleur */ = {isa = PBXFileReference; explicitFileType = "compiled.mach-o.executable"; includeInIndex = 0; path = "tp2-espace-couleur"; sourceTree = BUILT_PRODUCTS_DIR; };
		FBDBBDCC26F61A3100A9D44D /* main.cpp */ = {isa = PBXFileReference; fileEncoding = 4; lastKnownFileType = sourcecode.cpp.cpp; path = main.cpp; sourceTree = "<group>"; };
/* End PBXFileReference section */

/* Begin PBXFrameworksBuildPhase section */
		FB0CB1832700D1E2001E598C /* Frameworks */ = {
			isa = PBXFrameworksBuildPhase;
			buildActionMask = 2147483647;
			files = (
			);
			runOnlyForDeploymentPostprocessing = 0;
		};
		FB60C6F126EF8FEA00EDF8EF /* Frameworks */ = {
			isa = PBXFrameworksBuildPhase;
			buildActionMask = 2147483647;
			files = (
			);
			runOnlyForDeploymentPostprocessing = 0;
		};
		FBAB88EE270AECD500544C3C /* Frameworks */ = {
			isa = PBXFrameworksBuildPhase;
			buildActionMask = 2147483647;
			files = (
			);
			runOnlyForDeploymentPostprocessing = 0;
		};
		FBDBBDC726F61A3100A9D44D /* Frameworks */ = {
			isa = PBXFrameworksBuildPhase;
			buildActionMask = 2147483647;
			files = (
			);
			runOnlyForDeploymentPostprocessing = 0;
		};
/* End PBXFrameworksBuildPhase section */

/* Begin PBXGroup section */
		FB0CB1872700D1E2001E598C /* tp3-huffman */ = {
			isa = PBXGroup;
			children = (
				FB0CB1882700D1E2001E598C /* main.cpp */,
				FB0CB18D2700D4A1001E598C /* Huffman.c */,
			);
			path = "tp3-huffman";
			sourceTree = "<group>";
		};
		FB60C6D826EF8CD900EDF8EF = {
			isa = PBXGroup;
			children = (
				FBDBBDC126F60EB000A9D44D /* libs */,
				FB60C6F526EF8FEA00EDF8EF /* tp1-palette */,
				FBDBBDCB26F61A3100A9D44D /* tp2-espace-couleur */,
				FB0CB1872700D1E2001E598C /* tp3-huffman */,
				FBAB88F2270AECD500544C3C /* tp4-ondelette */,
				FB60C6E226EF8CD900EDF8EF /* Products */,
				FB60C6FB26EF907B00EDF8EF /* Frameworks */,
			);
			sourceTree = "<group>";
		};
		FB60C6E226EF8CD900EDF8EF /* Products */ = {
			isa = PBXGroup;
			children = (
				FB60C6F426EF8FEA00EDF8EF /* tp1-palette */,
				FBDBBDCA26F61A3100A9D44D /* tp2-espace-couleur */,
				FB0CB1862700D1E2001E598C /* tp3-huffman */,
				FBAB88F1270AECD500544C3C /* tp4-ondelette */,
			);
			name = Products;
			sourceTree = "<group>";
		};
		FB60C6F526EF8FEA00EDF8EF /* tp1-palette */ = {
			isa = PBXGroup;
			children = (
				FB60C70326EF90A500EDF8EF /* main.cpp */,
			);
			path = "tp1-palette";
			sourceTree = "<group>";
		};
		FB60C6FB26EF907B00EDF8EF /* Frameworks */ = {
			isa = PBXGroup;
			children = (
				FB60C6FF26EF907B00EDF8EF /* main.cpp */,
			);
			name = Frameworks;
			sourceTree = "<group>";
		};
		FBAB88F2270AECD500544C3C /* tp4-ondelette */ = {
			isa = PBXGroup;
			children = (
				FBAB88F3270AECD500544C3C /* main.cpp */,
			);
			path = "tp4-ondelette";
			sourceTree = "<group>";
		};
		FBDBBDC126F60EB000A9D44D /* libs */ = {
			isa = PBXGroup;
			children = (
				FBDBBDC226F60EB000A9D44D /* ImageBase.cpp */,
				FBDBBDC326F60EB000A9D44D /* image_ppm.hpp */,
				FBDBBDC426F60EB000A9D44D /* ImageBase.hpp */,
			);
			path = libs;
			sourceTree = "<group>";
		};
		FBDBBDCB26F61A3100A9D44D /* tp2-espace-couleur */ = {
			isa = PBXGroup;
			children = (
				FBDBBDCC26F61A3100A9D44D /* main.cpp */,
			);
			path = "tp2-espace-couleur";
			sourceTree = "<group>";
		};
/* End PBXGroup section */

/* Begin PBXNativeTarget section */
		FB0CB1852700D1E2001E598C /* tp3-huffman */ = {
			isa = PBXNativeTarget;
			buildConfigurationList = FB0CB18A2700D1E2001E598C /* Build configuration list for PBXNativeTarget "tp3-huffman" */;
			buildPhases = (
				FB0CB1822700D1E2001E598C /* Sources */,
				FB0CB1832700D1E2001E598C /* Frameworks */,
				FB0CB1842700D1E2001E598C /* CopyFiles */,
			);
			buildRules = (
			);
			dependencies = (
			);
			name = "tp3-huffman";
			productName = "tp3-huffman";
			productReference = FB0CB1862700D1E2001E598C /* tp3-huffman */;
			productType = "com.apple.product-type.tool";
		};
		FB60C6F326EF8FEA00EDF8EF /* tp1-palette */ = {
			isa = PBXNativeTarget;
			buildConfigurationList = FB60C6F826EF8FEA00EDF8EF /* Build configuration list for PBXNativeTarget "tp1-palette" */;
			buildPhases = (
				FB60C6F026EF8FEA00EDF8EF /* Sources */,
				FB60C6F126EF8FEA00EDF8EF /* Frameworks */,
				FB60C6F226EF8FEA00EDF8EF /* CopyFiles */,
			);
			buildRules = (
			);
			dependencies = (
			);
			name = "tp1-palette";
			productName = "tp1-palette";
			productReference = FB60C6F426EF8FEA00EDF8EF /* tp1-palette */;
			productType = "com.apple.product-type.tool";
		};
		FBAB88F0270AECD500544C3C /* tp4-ondelette */ = {
			isa = PBXNativeTarget;
			buildConfigurationList = FBAB88F7270AECD500544C3C /* Build configuration list for PBXNativeTarget "tp4-ondelette" */;
			buildPhases = (
				FBAB88ED270AECD500544C3C /* Sources */,
				FBAB88EE270AECD500544C3C /* Frameworks */,
				FBAB88EF270AECD500544C3C /* CopyFiles */,
			);
			buildRules = (
			);
			dependencies = (
			);
			name = "tp4-ondelette";
			productName = "tp4-ondelette";
			productReference = FBAB88F1270AECD500544C3C /* tp4-ondelette */;
			productType = "com.apple.product-type.tool";
		};
		FBDBBDC926F61A3100A9D44D /* tp2-espace-couleur */ = {
			isa = PBXNativeTarget;
			buildConfigurationList = FBDBBDD026F61A3100A9D44D /* Build configuration list for PBXNativeTarget "tp2-espace-couleur" */;
			buildPhases = (
				FBDBBDC626F61A3100A9D44D /* Sources */,
				FBDBBDC726F61A3100A9D44D /* Frameworks */,
				FBDBBDC826F61A3100A9D44D /* CopyFiles */,
			);
			buildRules = (
			);
			dependencies = (
			);
			name = "tp2-espace-couleur";
			productName = "tp2-espace-couleur";
			productReference = FBDBBDCA26F61A3100A9D44D /* tp2-espace-couleur */;
			productType = "com.apple.product-type.tool";
		};
/* End PBXNativeTarget section */

/* Begin PBXProject section */
		FB60C6D926EF8CD900EDF8EF /* Project object */ = {
			isa = PBXProject;
			attributes = {
				LastUpgradeCheck = 1300;
				TargetAttributes = {
					FB0CB1852700D1E2001E598C = {
						CreatedOnToolsVersion = 13.0;
					};
					FB60C6F326EF8FEA00EDF8EF = {
						CreatedOnToolsVersion = 12.5.1;
					};
					FBAB88F0270AECD500544C3C = {
						CreatedOnToolsVersion = 13.0;
					};
					FBDBBDC926F61A3100A9D44D = {
						CreatedOnToolsVersion = 12.5.1;
					};
				};
			};
			buildConfigurationList = FB60C6DC26EF8CD900EDF8EF /* Build configuration list for PBXProject "m2-image" */;
			compatibilityVersion = "Xcode 9.3";
			developmentRegion = en;
			hasScannedForEncodings = 0;
			knownRegions = (
				en,
				Base,
			);
			mainGroup = FB60C6D826EF8CD900EDF8EF;
			productRefGroup = FB60C6E226EF8CD900EDF8EF /* Products */;
			projectDirPath = "";
			projectRoot = "";
			targets = (
				FB60C6F326EF8FEA00EDF8EF /* tp1-palette */,
				FBDBBDC926F61A3100A9D44D /* tp2-espace-couleur */,
				FB0CB1852700D1E2001E598C /* tp3-huffman */,
				FBAB88F0270AECD500544C3C /* tp4-ondelette */,
			);
		};
/* End PBXProject section */

/* Begin PBXSourcesBuildPhase section */
		FB0CB1822700D1E2001E598C /* Sources */ = {
			isa = PBXSourcesBuildPhase;
			buildActionMask = 2147483647;
			files = (
				FB0CB18F2700D6A1001E598C /* ImageBase.cpp in Sources */,
				FB0CB1892700D1E2001E598C /* main.cpp in Sources */,
			);
			runOnlyForDeploymentPostprocessing = 0;
		};
		FB60C6F026EF8FEA00EDF8EF /* Sources */ = {
			isa = PBXSourcesBuildPhase;
			buildActionMask = 2147483647;
			files = (
				FBECD58826F7D60700BFE09C /* ImageBase.cpp in Sources */,
				FB60C70526EF90A500EDF8EF /* main.cpp in Sources */,
			);
			runOnlyForDeploymentPostprocessing = 0;
		};
		FBAB88ED270AECD500544C3C /* Sources */ = {
			isa = PBXSourcesBuildPhase;
			buildActionMask = 2147483647;
			files = (
				FBAB88F8270AECE400544C3C /* ImageBase.cpp in Sources */,
				FBAB88F4270AECD500544C3C /* main.cpp in Sources */,
			);
			runOnlyForDeploymentPostprocessing = 0;
		};
		FBDBBDC626F61A3100A9D44D /* Sources */ = {
			isa = PBXSourcesBuildPhase;
			buildActionMask = 2147483647;
			files = (
				FBECD58726F79C9400BFE09C /* ImageBase.cpp in Sources */,
				FBDBBDCD26F61A3100A9D44D /* main.cpp in Sources */,
			);
			runOnlyForDeploymentPostprocessing = 0;
		};
/* End PBXSourcesBuildPhase section */

/* Begin XCBuildConfiguration section */
		FB0CB18B2700D1E2001E598C /* Debug */ = {
			isa = XCBuildConfiguration;
			buildSettings = {
				CLANG_CXX_LANGUAGE_STANDARD = "gnu++17";
				CODE_SIGN_STYLE = Automatic;
				DEVELOPMENT_TEAM = GHJHRRHH46;
				ENABLE_HARDENED_RUNTIME = YES;
				PRODUCT_NAME = "$(TARGET_NAME)";
			};
			name = Debug;
		};
		FB0CB18C2700D1E2001E598C /* Release */ = {
			isa = XCBuildConfiguration;
			buildSettings = {
				CLANG_CXX_LANGUAGE_STANDARD = "gnu++17";
				CODE_SIGN_STYLE = Automatic;
				DEVELOPMENT_TEAM = GHJHRRHH46;
				ENABLE_HARDENED_RUNTIME = YES;
				PRODUCT_NAME = "$(TARGET_NAME)";
			};
			name = Release;
		};
		FB60C6E626EF8CD900EDF8EF /* Debug */ = {
			isa = XCBuildConfiguration;
			buildSettings = {
				ALWAYS_SEARCH_USER_PATHS = NO;
				CLANG_ANALYZER_NONNULL = YES;
				CLANG_ANALYZER_NUMBER_OBJECT_CONVERSION = YES_AGGRESSIVE;
				CLANG_CXX_LANGUAGE_STANDARD = "gnu++14";
				CLANG_CXX_LIBRARY = "libc++";
				CLANG_ENABLE_MODULES = YES;
				CLANG_ENABLE_OBJC_ARC = YES;
				CLANG_ENABLE_OBJC_WEAK = YES;
				CLANG_WARN_BLOCK_CAPTURE_AUTORELEASING = YES;
				CLANG_WARN_BOOL_CONVERSION = YES;
				CLANG_WARN_COMMA = YES;
				CLANG_WARN_CONSTANT_CONVERSION = YES;
				CLANG_WARN_DEPRECATED_OBJC_IMPLEMENTATIONS = YES;
				CLANG_WARN_DIRECT_OBJC_ISA_USAGE = YES_ERROR;
				CLANG_WARN_DOCUMENTATION_COMMENTS = YES;
				CLANG_WARN_EMPTY_BODY = YES;
				CLANG_WARN_ENUM_CONVERSION = YES;
				CLANG_WARN_INFINITE_RECURSION = YES;
				CLANG_WARN_INT_CONVERSION = YES;
				CLANG_WARN_NON_LITERAL_NULL_CONVERSION = YES;
				CLANG_WARN_OBJC_IMPLICIT_RETAIN_SELF = YES;
				CLANG_WARN_OBJC_LITERAL_CONVERSION = YES;
				CLANG_WARN_OBJC_ROOT_CLASS = YES_ERROR;
				CLANG_WARN_QUOTED_INCLUDE_IN_FRAMEWORK_HEADER = YES;
				CLANG_WARN_RANGE_LOOP_ANALYSIS = YES;
				CLANG_WARN_STRICT_PROTOTYPES = YES;
				CLANG_WARN_SUSPICIOUS_MOVE = YES;
				CLANG_WARN_UNGUARDED_AVAILABILITY = YES_AGGRESSIVE;
				CLANG_WARN_UNREACHABLE_CODE = YES;
				CLANG_WARN__DUPLICATE_METHOD_MATCH = YES;
				COPY_PHASE_STRIP = NO;
				DEBUG_INFORMATION_FORMAT = dwarf;
				ENABLE_STRICT_OBJC_MSGSEND = YES;
				ENABLE_TESTABILITY = YES;
				GCC_C_LANGUAGE_STANDARD = gnu11;
				GCC_DYNAMIC_NO_PIC = NO;
				GCC_NO_COMMON_BLOCKS = YES;
				GCC_OPTIMIZATION_LEVEL = 0;
				GCC_PREPROCESSOR_DEFINITIONS = (
					"DEBUG=1",
					"$(inherited)",
				);
				GCC_WARN_64_TO_32_BIT_CONVERSION = YES;
				GCC_WARN_ABOUT_RETURN_TYPE = YES_ERROR;
				GCC_WARN_UNDECLARED_SELECTOR = YES;
				GCC_WARN_UNINITIALIZED_AUTOS = YES_AGGRESSIVE;
				GCC_WARN_UNUSED_FUNCTION = YES;
				GCC_WARN_UNUSED_VARIABLE = YES;
				MACOSX_DEPLOYMENT_TARGET = 11.3;
				MTL_ENABLE_DEBUG_INFO = INCLUDE_SOURCE;
				MTL_FAST_MATH = YES;
				ONLY_ACTIVE_ARCH = YES;
				SDKROOT = macosx;
			};
			name = Debug;
		};
		FB60C6E726EF8CD900EDF8EF /* Release */ = {
			isa = XCBuildConfiguration;
			buildSettings = {
				ALWAYS_SEARCH_USER_PATHS = NO;
				CLANG_ANALYZER_NONNULL = YES;
				CLANG_ANALYZER_NUMBER_OBJECT_CONVERSION = YES_AGGRESSIVE;
				CLANG_CXX_LANGUAGE_STANDARD = "gnu++14";
				CLANG_CXX_LIBRARY = "libc++";
				CLANG_ENABLE_MODULES = YES;
				CLANG_ENABLE_OBJC_ARC = YES;
				CLANG_ENABLE_OBJC_WEAK = YES;
				CLANG_WARN_BLOCK_CAPTURE_AUTORELEASING = YES;
				CLANG_WARN_BOOL_CONVERSION = YES;
				CLANG_WARN_COMMA = YES;
				CLANG_WARN_CONSTANT_CONVERSION = YES;
				CLANG_WARN_DEPRECATED_OBJC_IMPLEMENTATIONS = YES;
				CLANG_WARN_DIRECT_OBJC_ISA_USAGE = YES_ERROR;
				CLANG_WARN_DOCUMENTATION_COMMENTS = YES;
				CLANG_WARN_EMPTY_BODY = YES;
				CLANG_WARN_ENUM_CONVERSION = YES;
				CLANG_WARN_INFINITE_RECURSION = YES;
				CLANG_WARN_INT_CONVERSION = YES;
				CLANG_WARN_NON_LITERAL_NULL_CONVERSION = YES;
				CLANG_WARN_OBJC_IMPLICIT_RETAIN_SELF = YES;
				CLANG_WARN_OBJC_LITERAL_CONVERSION = YES;
				CLANG_WARN_OBJC_ROOT_CLASS = YES_ERROR;
				CLANG_WARN_QUOTED_INCLUDE_IN_FRAMEWORK_HEADER = YES;
				CLANG_WARN_RANGE_LOOP_ANALYSIS = YES;
				CLANG_WARN_STRICT_PROTOTYPES = YES;
				CLANG_WARN_SUSPICIOUS_MOVE = YES;
				CLANG_WARN_UNGUARDED_AVAILABILITY = YES_AGGRESSIVE;
				CLANG_WARN_UNREACHABLE_CODE = YES;
				CLANG_WARN__DUPLICATE_METHOD_MATCH = YES;
				COPY_PHASE_STRIP = NO;
				DEBUG_INFORMATION_FORMAT = "dwarf-with-dsym";
				ENABLE_NS_ASSERTIONS = NO;
				ENABLE_STRICT_OBJC_MSGSEND = YES;
				GCC_C_LANGUAGE_STANDARD = gnu11;
				GCC_NO_COMMON_BLOCKS = YES;
				GCC_WARN_64_TO_32_BIT_CONVERSION = YES;
				GCC_WARN_ABOUT_RETURN_TYPE = YES_ERROR;
				GCC_WARN_UNDECLARED_SELECTOR = YES;
				GCC_WARN_UNINITIALIZED_AUTOS = YES_AGGRESSIVE;
				GCC_WARN_UNUSED_FUNCTION = YES;
				GCC_WARN_UNUSED_VARIABLE = YES;
				MACOSX_DEPLOYMENT_TARGET = 11.3;
				MTL_ENABLE_DEBUG_INFO = NO;
				MTL_FAST_MATH = YES;
				SDKROOT = macosx;
			};
			name = Release;
		};
		FB60C6F926EF8FEA00EDF8EF /* Debug */ = {
			isa = XCBuildConfiguration;
			buildSettings = {
				CODE_SIGN_STYLE = Automatic;
				DEVELOPMENT_TEAM = GHJHRRHH46;
				ENABLE_HARDENED_RUNTIME = YES;
				PRODUCT_NAME = "$(TARGET_NAME)";
			};
			name = Debug;
		};
		FB60C6FA26EF8FEA00EDF8EF /* Release */ = {
			isa = XCBuildConfiguration;
			buildSettings = {
				CODE_SIGN_IDENTITY = "-";
				CODE_SIGN_STYLE = Automatic;
				DEVELOPMENT_TEAM = GHJHRRHH46;
				ENABLE_HARDENED_RUNTIME = YES;
				PRODUCT_NAME = "$(TARGET_NAME)";
			};
			name = Release;
		};
		FBAB88F5270AECD500544C3C /* Debug */ = {
			isa = XCBuildConfiguration;
			buildSettings = {
				CLANG_CXX_LANGUAGE_STANDARD = "gnu++17";
				CODE_SIGN_STYLE = Automatic;
				DEVELOPMENT_TEAM = GHJHRRHH46;
				ENABLE_HARDENED_RUNTIME = YES;
				PRODUCT_NAME = "$(TARGET_NAME)";
			};
			name = Debug;
		};
		FBAB88F6270AECD500544C3C /* Release */ = {
			isa = XCBuildConfiguration;
			buildSettings = {
				CLANG_CXX_LANGUAGE_STANDARD = "gnu++17";
				CODE_SIGN_STYLE = Automatic;
				DEVELOPMENT_TEAM = GHJHRRHH46;
				ENABLE_HARDENED_RUNTIME = YES;
				PRODUCT_NAME = "$(TARGET_NAME)";
			};
			name = Release;
		};
		FBDBBDCE26F61A3100A9D44D /* Debug */ = {
			isa = XCBuildConfiguration;
			buildSettings = {
				CODE_SIGN_STYLE = Automatic;
				DEVELOPMENT_TEAM = GHJHRRHH46;
				ENABLE_HARDENED_RUNTIME = YES;
				PRODUCT_NAME = "$(TARGET_NAME)";
			};
			name = Debug;
		};
		FBDBBDCF26F61A3100A9D44D /* Release */ = {
			isa = XCBuildConfiguration;
			buildSettings = {
				CODE_SIGN_IDENTITY = "-";
				CODE_SIGN_STYLE = Automatic;
				DEVELOPMENT_TEAM = GHJHRRHH46;
				ENABLE_HARDENED_RUNTIME = YES;
				PRODUCT_NAME = "$(TARGET_NAME)";
			};
			name = Release;
		};
/* End XCBuildConfiguration section */

/* Begin XCConfigurationList section */
		FB0CB18A2700D1E2001E598C /* Build configuration list for PBXNativeTarget "tp3-huffman" */ = {
			isa = XCConfigurationList;
			buildConfigurations = (
				FB0CB18B2700D1E2001E598C /* Debug */,
				FB0CB18C2700D1E2001E598C /* Release */,
			);
			defaultConfigurationIsVisible = 0;
			defaultConfigurationName = Release;
		};
		FB60C6DC26EF8CD900EDF8EF /* Build configuration list for PBXProject "m2-image" */ = {
			isa = XCConfigurationList;
			buildConfigurations = (
				FB60C6E626EF8CD900EDF8EF /* Debug */,
				FB60C6E726EF8CD900EDF8EF /* Release */,
			);
			defaultConfigurationIsVisible = 0;
			defaultConfigurationName = Release;
		};
		FB60C6F826EF8FEA00EDF8EF /* Build configuration list for PBXNativeTarget "tp1-palette" */ = {
			isa = XCConfigurationList;
			buildConfigurations = (
				FB60C6F926EF8FEA00EDF8EF /* Debug */,
				FB60C6FA26EF8FEA00EDF8EF /* Release */,
			);
			defaultConfigurationIsVisible = 0;
			defaultConfigurationName = Release;
		};
		FBAB88F7270AECD500544C3C /* Build configuration list for PBXNativeTarget "tp4-ondelette" */ = {
			isa = XCConfigurationList;
			buildConfigurations = (
				FBAB88F5270AECD500544C3C /* Debug */,
				FBAB88F6270AECD500544C3C /* Release */,
			);
			defaultConfigurationIsVisible = 0;
			defaultConfigurationName = Release;
		};
		FBDBBDD026F61A3100A9D44D /* Build configuration list for PBXNativeTarget "tp2-espace-couleur" */ = {
			isa = XCConfigurationList;
			buildConfigurations = (
				FBDBBDCE26F61A3100A9D44D /* Debug */,
				FBDBBDCF26F61A3100A9D44D /* Release */,
			);
			defaultConfigurationIsVisible = 0;
			defaultConfigurationName = Release;
		};
/* End XCConfigurationList section */
	};
	rootObject = FB60C6D926EF8CD900EDF8EF /* Project object */;
}
